<?xml version="1.0" encoding="UTF-8" standalone="yes" ?>
<CodeBlocks_project_file>
	<FileVersion major="1" minor="6" />
	<Project>
		<Option title="ChessEngine" />
		<Option pch_mode="2" />
		<Option compiler="gcc" />
		<Build>
			<Target title="Debug_x64">
				<Option output="bin/Debug_x64/ChessEngine" prefix_auto="1" extension_auto="1" />
				<Option object_output="obj/Debug_x64/" />
				<Option type="1" />
				<Option compiler="gcc" />
				<Compiler>
					<Add option="-m64" />
					<Add option="-g" />
				</Compiler>
				<Linker>
					<Add option="-m64" />
				</Linker>
			</Target>
			<Target title="Release_x64">
				<Option output="bin/Release_x64/ChessEngine" prefix_auto="1" extension_auto="1" />
				<Option object_output="obj/Release_x64/" />
				<Option type="1" />
				<Option compiler="gcc" />
				<Compiler>
					<Add option="-O2" />
					<Add option="-m64" />
				</Compiler>
				<Linker>
					<Add option="-s" />
					<Add option="-m64" />
				</Linker>
			</Target>
			<Target title="Tests">
				<Option output="bin/Debug_x64/test_ChessEngine" prefix_auto="1" extension_auto="1" />
				<Option object_output="obj/Debug_x64/" />
				<Option type="1" />
				<Option compiler="gcc" />
				<Compiler>
					<Add option="-m64" />
					<Add option="-g" />
					<Add option="`pkg-config --cflags check`" />
				</Compiler>
				<Linker>
					<Add option="-m64" />
					<Add option="`pkg-config --libs check`" />
				</Linker>
			</Target>
			<Target title="Debug_i386">
				<Option output="bin/Debug_i386/ChessEngine" prefix_auto="1" extension_auto="1" />
				<Option object_output="obj/Debug_i386/" />
				<Option type="1" />
				<Option compiler="gcc" />
				<Compiler>
					<Add option="-m32" />
					<Add option="-g" />
				</Compiler>
				<Linker>
					<Add option="-m32" />
				</Linker>
			</Target>
		</Build>
		<Compiler>
			<Add option="-fomit-frame-pointer" />
			<Add option="-Wshadow" />
			<Add option="-Wredundant-decls" />
			<Add option="-Wcast-align" />
			<Add option="-Wundef" />
			<Add option="-Wfloat-equal" />
			<Add option="-Winline" />
			<Add option="-Wunreachable-code" />
			<Add option="-Wmissing-declarations" />
			<Add option="-Wmissing-include-dirs" />
			<Add option="-Wswitch-enum" />
			<Add option="-Wswitch-default" />
			<Add option="-Wmain" />
			<Add option="-pedantic" />
			<Add option="-Wextra" />
			<Add option="-Wall" />
			<Add option="`pkg-config --cflags glib-2.0`" />
			<Add directory="." />
			<Add directory="./include" />
		</Compiler>
		<Linker>
			<Add option="`pkg-config --libs glib-2.0`" />
		</Linker>
		<Unit filename="include/bitscan.h" />
		<Unit filename="include/board.h" />
		<Unit filename="include/cpu.h" />
		<Unit filename="include/genmoves.h" />
		<Unit filename="include/x86/arch.h" />
		<Unit filename="src/board.c">
			<Option compilerVar="CC" />
		</Unit>
		<Unit filename="src/genmoves.c">
			<Option compilerVar="CC" />
		</Unit>
		<Unit filename="src/main.c">
			<Option compilerVar="CC" />
			<Option target="Debug_x64" />
			<Option target="Release_x64" />
			<Option target="Debug_i386" />
		</Unit>
		<Unit filename="src/x86/bitscan.c">
			<Option compilerVar="CC" />
		</Unit>
		<Unit filename="src/x86/cpu.c">
			<Option compilerVar="CC" />
		</Unit>
		<Unit filename="test/test_board.c">
			<Option compilerVar="CC" />
			<Option target="Tests" />
		</Unit>
		<Unit filename="test/tests_main.c">
			<Option compilerVar="CC" />
			<Option target="Tests" />
		</Unit>
		<Extensions>
			<code_completion>
				<search_path add="/usr/include/glib-2.0" />
			</code_completion>
			<debugger />
		</Extensions>
	</Project>
</CodeBlocks_project_file>
